{
  "name": "alepiz.collector.snmp",
  "version": "1.0.0",
  "lockfileVersion": 1,
  "requires": true,
  "dependencies": {
    "asn1-ber": {
      "version": "1.1.0",
      "resolved": "https://registry.npmjs.org/asn1-ber/-/asn1-ber-1.1.0.tgz",
      "integrity": "sha512-t/pm9zz3CC7jE2ItzMPi4rYUXp4d3JkLAUQY8E/5u5Lkaq7KMvMalRWrW9WWARm5gOB/HE/mkorImJwSL7fi9w=="
    },
    "net-snmp": {
      "version": "2.6.7",
      "resolved": "https://registry.npmjs.org/net-snmp/-/net-snmp-2.6.7.tgz",
      "integrity": "sha512-jkwMCpqXXSe5JKUcP3qCv0GSx53bYak01iMWjFcNU5hUo5rGLmMq266M1WFqMlI7mIn3XX3lVLThn48MdhTAcw==",
      "requires": {
        "asn1-ber": "*",
        "smart-buffer": "^4.1.0"
      }
    },
    "smart-buffer": {
      "version": "4.1.0",
      "resolved": "https://registry.npmjs.org/smart-buffer/-/smart-buffer-4.1.0.tgz",
      "integrity": "sha512-iVICrxOzCynf/SNaBQCw34eM9jROU/s5rzIhpOvzhzuYHfJR/DhZfDkXiZSgKXfgv26HT3Yni3AV/DGw0cGnnw=="
    }
  }
}
