{
  "name": "alepiz.collector.snmp",
  "version": "1.0.0",
  "lockfileVersion": 1,
  "requires": true,
  "dependencies": {
    "asn1-ber": {
      "version": "1.1.1",
      "resolved": "https://registry.npmjs.org/asn1-ber/-/asn1-ber-1.1.1.tgz",
      "integrity": "sha512-NXZgiGtMJ8pvRzG6oj1VcR7YaHvfV4X8omnSxm3mRbs2Lsl4myex4S50MtsnDWztKyrJztuvu/iVkdgNySmfpQ=="
    },
    "net-snmp": {
      "version": "2.10.1",
      "resolved": "https://registry.npmjs.org/net-snmp/-/net-snmp-2.10.1.tgz",
      "integrity": "sha512-28z2GqqIb7S70PxyRSIjA3OUBfFdGkcz5HOkUnoJ4m/Rd3X1Mbu4ZjmEtc7ihKp2FaJQ3mUkJDaYUIHoSPYLFQ==",
      "requires": {
        "asn1-ber": "*",
        "smart-buffer": "^4.1.0"
      }
    },
    "smart-buffer": {
      "version": "4.1.0",
      "resolved": "https://registry.npmjs.org/smart-buffer/-/smart-buffer-4.1.0.tgz",
      "integrity": "sha512-iVICrxOzCynf/SNaBQCw34eM9jROU/s5rzIhpOvzhzuYHfJR/DhZfDkXiZSgKXfgv26HT3Yni3AV/DGw0cGnnw=="
    }
  }
}
